Microsoft Visual Studio Solution File, Format Version 12.00
# Visual Studio Version 17
VisualStudioVersion = 17.5.2.0
MinimumVisualStudioVersion = 10.0.40219.1
Project("{FAE04EC0-301F-11D3-BF4B-00C04F79EFBC}") = "BackEnd_1", "BackEnd_1.csproj", "{EDA847BF-FB90-B65D-CB09-4E995810C86E}"
EndProject
Global
	GlobalSection(SolutionConfigurationPlatforms) = preSolution
		Debug|Any CPU = Debug|Any CPU
		Release|Any CPU = Release|Any CPU
	EndGlobalSection
	GlobalSection(ProjectConfigurationPlatforms) = postSolution
		{EDA847BF-FB90-B65D-CB09-4E995810C86E}.Debug|Any CPU.ActiveCfg = Debug|Any CPU
		{EDA847BF-FB90-B65D-CB09-4E995810C86E}.Debug|Any CPU.Build.0 = Debug|Any CPU
		{EDA847BF-FB90-B65D-CB09-4E995810C86E}.Release|Any CPU.ActiveCfg = Release|Any CPU
		{EDA847BF-FB90-B65D-CB09-4E995810C86E}.Release|Any CPU.Build.0 = Release|Any CPU
	EndGlobalSection
	GlobalSection(SolutionProperties) = preSolution
		HideSolutionNode = FALSE
	EndGlobalSection
	GlobalSection(ExtensibilityGlobals) = postSolution
		SolutionGuid = {368C9711-72D7-439D-B6E5-56A478486EA9}
	EndGlobalSection
EndGlobal
